
Microsoft Visual Studio Solution File, Format Version 12.00
# Visual Studio 15
VisualStudioVersion = 15.0.28307.329
MinimumVisualStudioVersion = 10.0.40219.1
Project("{9A19103F-16F7-4668-BE54-9A1E7A4F7556}") = "UserApi", "UserApi\UserApi.csproj", "{79B2F57F-0389-4EA1-B8CA-142B35192BC8}"
EndProject
Project("{E53339B2-1760-4266-BCC7-CA923CBCF16C}") = "docker-compose", "docker-compose.dcproj", "{A5509D22-75A4-4FE0-BEA0-D03FFC87AC54}"
EndProject
Global
	GlobalSection(SolutionConfigurationPlatforms) = preSolution
		Debug|Any CPU = Debug|Any CPU
		Release|Any CPU = Release|Any CPU
	EndGlobalSection
	GlobalSection(ProjectConfigurationPlatforms) = postSolution
		{79B2F57F-0389-4EA1-B8CA-142B35192BC8}.Debug|Any CPU.ActiveCfg = Debug|Any CPU
		{79B2F57F-0389-4EA1-B8CA-142B35192BC8}.Debug|Any CPU.Build.0 = Debug|Any CPU
		{79B2F57F-0389-4EA1-B8CA-142B35192BC8}.Release|Any CPU.ActiveCfg = Release|Any CPU
		{79B2F57F-0389-4EA1-B8CA-142B35192BC8}.Release|Any CPU.Build.0 = Release|Any CPU
		{A5509D22-75A4-4FE0-BEA0-D03FFC87AC54}.Debug|Any CPU.ActiveCfg = Debug|Any CPU
		{A5509D22-75A4-4FE0-BEA0-D03FFC87AC54}.Debug|Any CPU.Build.0 = Debug|Any CPU
		{A5509D22-75A4-4FE0-BEA0-D03FFC87AC54}.Release|Any CPU.ActiveCfg = Release|Any CPU
		{A5509D22-75A4-4FE0-BEA0-D03FFC87AC54}.Release|Any CPU.Build.0 = Release|Any CPU
	EndGlobalSection
	GlobalSection(SolutionProperties) = preSolution
		HideSolutionNode = FALSE
	EndGlobalSection
	GlobalSection(ExtensibilityGlobals) = postSolution
		SolutionGuid = {87FEA5D7-403B-4747-8A4A-C572FA0443CB}
	EndGlobalSection
EndGlobal
